
Microsoft Visual Studio Solution File, Format Version 12.00
# Visual Studio Version 16
VisualStudioVersion = 16.0.30309.148
MinimumVisualStudioVersion = 10.0.40219.1
Project("{8BC9CEB8-8B4A-11D0-8D11-00A0C91BC942}") = "Forth", "Forth\Forth.vcxproj", "{60C2E3F2-768B-4A0B-AED3-541006CAA1B4}"
EndProject
Global
	GlobalSection(SolutionConfigurationPlatforms) = preSolution
		Debug|x64 = Debug|x64
		Debug|x86 = Debug|x86
		Release|x64 = Release|x64
		Release|x86 = Release|x86
	EndGlobalSection
	GlobalSection(ProjectConfigurationPlatforms) = postSolution
		{60C2E3F2-768B-4A0B-AED3-541006CAA1B4}.Debug|x64.ActiveCfg = Debug|x64
		{60C2E3F2-768B-4A0B-AED3-541006CAA1B4}.Debug|x64.Build.0 = Debug|x64
		{60C2E3F2-768B-4A0B-AED3-541006CAA1B4}.Debug|x86.ActiveCfg = Debug|Win32
		{60C2E3F2-768B-4A0B-AED3-541006CAA1B4}.Debug|x86.Build.0 = Debug|Win32
		{60C2E3F2-768B-4A0B-AED3-541006CAA1B4}.Release|x64.ActiveCfg = Release|x64
		{60C2E3F2-768B-4A0B-AED3-541006CAA1B4}.Release|x64.Build.0 = Release|x64
		{60C2E3F2-768B-4A0B-AED3-541006CAA1B4}.Release|x86.ActiveCfg = Release|Win32
		{60C2E3F2-768B-4A0B-AED3-541006CAA1B4}.Release|x86.Build.0 = Release|Win32
	EndGlobalSection
	GlobalSection(SolutionProperties) = preSolution
		HideSolutionNode = FALSE
	EndGlobalSection
	GlobalSection(ExtensibilityGlobals) = postSolution
		SolutionGuid = {DE9DEB2F-ACBF-464C-A023-3562DEC39996}
	EndGlobalSection
EndGlobal
